// !$*UTF8*$!
{
	archiveVersion = 1;
	classes = {
	};
	objectVersion = 50;
	objects = {

/* Begin PBXBuildFile section */
		CD53724C2386860600F3EFC7 /* AppDelegate.swift in Sources */ = {isa = PBXBuildFile; fileRef = CD53724B2386860600F3EFC7 /* AppDelegate.swift */; };
		CD53724E2386860600F3EFC7 /* SceneDelegate.swift in Sources */ = {isa = PBXBuildFile; fileRef = CD53724D2386860600F3EFC7 /* SceneDelegate.swift */; };
		CD5372502386860600F3EFC7 /* HomeViewController.swift in Sources */ = {isa = PBXBuildFile; fileRef = CD53724F2386860600F3EFC7 /* HomeViewController.swift */; };
		CD5372532386860600F3EFC7 /* Main.storyboard in Resources */ = {isa = PBXBuildFile; fileRef = CD5372512386860600F3EFC7 /* Main.storyboard */; };
		CD5372552386861100F3EFC7 /* Assets.xcassets in Resources */ = {isa = PBXBuildFile; fileRef = CD5372542386861100F3EFC7 /* Assets.xcassets */; };
		CD5372582386861100F3EFC7 /* LaunchScreen.storyboard in Resources */ = {isa = PBXBuildFile; fileRef = CD5372562386861100F3EFC7 /* LaunchScreen.storyboard */; };
		CD53726123868A3100F3EFC7 /* HomePresenter.swift in Sources */ = {isa = PBXBuildFile; fileRef = CD53726023868A3100F3EFC7 /* HomePresenter.swift */; };
		CD53726323868B2600F3EFC7 /* HomeRouter.swift in Sources */ = {isa = PBXBuildFile; fileRef = CD53726223868B2600F3EFC7 /* HomeRouter.swift */; };
		CD53726523868BB700F3EFC7 /* HomeInteractor.swift in Sources */ = {isa = PBXBuildFile; fileRef = CD53726423868BB700F3EFC7 /* HomeInteractor.swift */; };
		CD53726723868C5D00F3EFC7 /* HomaModel.swift in Sources */ = {isa = PBXBuildFile; fileRef = CD53726623868C5D00F3EFC7 /* HomaModel.swift */; };
		CD53726A23868D6A00F3EFC7 /* HomeModuleBuilder.swift in Sources */ = {isa = PBXBuildFile; fileRef = CD53726923868D6A00F3EFC7 /* HomeModuleBuilder.swift */; };
/* End PBXBuildFile section */

/* Begin PBXFileReference section */
		CD5372482386860600F3EFC7 /* TestVIPER.app */ = {isa = PBXFileReference; explicitFileType = wrapper.application; includeInIndex = 0; path = TestVIPER.app; sourceTree = BUILT_PRODUCTS_DIR; };
		CD53724B2386860600F3EFC7 /* AppDelegate.swift */ = {isa = PBXFileReference; lastKnownFileType = sourcecode.swift; path = AppDelegate.swift; sourceTree = "<group>"; };
		CD53724D2386860600F3EFC7 /* SceneDelegate.swift */ = {isa = PBXFileReference; lastKnownFileType = sourcecode.swift; path = SceneDelegate.swift; sourceTree = "<group>"; };
		CD53724F2386860600F3EFC7 /* HomeViewController.swift */ = {isa = PBXFileReference; lastKnownFileType = sourcecode.swift; path = HomeViewController.swift; sourceTree = "<group>"; };
		CD5372522386860600F3EFC7 /* Base */ = {isa = PBXFileReference; lastKnownFileType = file.storyboard; name = Base; path = Base.lproj/Main.storyboard; sourceTree = "<group>"; };
		CD5372542386861100F3EFC7 /* Assets.xcassets */ = {isa = PBXFileReference; lastKnownFileType = folder.assetcatalog; path = Assets.xcassets; sourceTree = "<group>"; };
		CD5372572386861100F3EFC7 /* Base */ = {isa = PBXFileReference; lastKnownFileType = file.storyboard; name = Base; path = Base.lproj/LaunchScreen.storyboard; sourceTree = "<group>"; };
		CD5372592386861100F3EFC7 /* Info.plist */ = {isa = PBXFileReference; lastKnownFileType = text.plist.xml; path = Info.plist; sourceTree = "<group>"; };
		CD53726023868A3100F3EFC7 /* HomePresenter.swift */ = {isa = PBXFileReference; lastKnownFileType = sourcecode.swift; path = HomePresenter.swift; sourceTree = "<group>"; };
		CD53726223868B2600F3EFC7 /* HomeRouter.swift */ = {isa = PBXFileReference; lastKnownFileType = sourcecode.swift; path = HomeRouter.swift; sourceTree = "<group>"; };
		CD53726423868BB700F3EFC7 /* HomeInteractor.swift */ = {isa = PBXFileReference; lastKnownFileType = sourcecode.swift; path = HomeInteractor.swift; sourceTree = "<group>"; };
		CD53726623868C5D00F3EFC7 /* HomaModel.swift */ = {isa = PBXFileReference; lastKnownFileType = sourcecode.swift; path = HomaModel.swift; sourceTree = "<group>"; };
		CD53726923868D6A00F3EFC7 /* HomeModuleBuilder.swift */ = {isa = PBXFileReference; lastKnownFileType = sourcecode.swift; path = HomeModuleBuilder.swift; sourceTree = "<group>"; };
/* End PBXFileReference section */

/* Begin PBXFrameworksBuildPhase section */
		CD5372452386860600F3EFC7 /* Frameworks */ = {
			isa = PBXFrameworksBuildPhase;
			buildActionMask = 2147483647;
			files = (
			);
			runOnlyForDeploymentPostprocessing = 0;
		};
/* End PBXFrameworksBuildPhase section */

/* Begin PBXGroup section */
		CD53723F2386860500F3EFC7 = {
			isa = PBXGroup;
			children = (
				CD53724A2386860600F3EFC7 /* TestVIPER */,
				CD5372492386860600F3EFC7 /* Products */,
			);
			sourceTree = "<group>";
		};
		CD5372492386860600F3EFC7 /* Products */ = {
			isa = PBXGroup;
			children = (
				CD5372482386860600F3EFC7 /* TestVIPER.app */,
			);
			name = Products;
			sourceTree = "<group>";
		};
		CD53724A2386860600F3EFC7 /* TestVIPER */ = {
			isa = PBXGroup;
			children = (
				CD53724B2386860600F3EFC7 /* AppDelegate.swift */,
				CD53724D2386860600F3EFC7 /* SceneDelegate.swift */,
				CD53726823868C8E00F3EFC7 /* Entity */,
				CD53725F238687A900F3EFC7 /* HomeModule */,
				CD5372512386860600F3EFC7 /* Main.storyboard */,
				CD5372542386861100F3EFC7 /* Assets.xcassets */,
				CD5372562386861100F3EFC7 /* LaunchScreen.storyboard */,
				CD5372592386861100F3EFC7 /* Info.plist */,
			);
			path = TestVIPER;
			sourceTree = "<group>";
		};
		CD53725F238687A900F3EFC7 /* HomeModule */ = {
			isa = PBXGroup;
			children = (
				CD53724F2386860600F3EFC7 /* HomeViewController.swift */,
				CD53726023868A3100F3EFC7 /* HomePresenter.swift */,
				CD53726223868B2600F3EFC7 /* HomeRouter.swift */,
				CD53726423868BB700F3EFC7 /* HomeInteractor.swift */,
				CD53726923868D6A00F3EFC7 /* HomeModuleBuilder.swift */,
			);
			path = HomeModule;
			sourceTree = "<group>";
		};
		CD53726823868C8E00F3EFC7 /* Entity */ = {
			isa = PBXGroup;
			children = (
				CD53726623868C5D00F3EFC7 /* HomaModel.swift */,
			);
			name = Entity;
			sourceTree = "<group>";
		};
/* End PBXGroup section */

/* Begin PBXNativeTarget section */
		CD5372472386860600F3EFC7 /* TestVIPER */ = {
			isa = PBXNativeTarget;
			buildConfigurationList = CD53725C2386861100F3EFC7 /* Build configuration list for PBXNativeTarget "TestVIPER" */;
			buildPhases = (
				CD5372442386860600F3EFC7 /* Sources */,
				CD5372452386860600F3EFC7 /* Frameworks */,
				CD5372462386860600F3EFC7 /* Resources */,
			);
			buildRules = (
			);
			dependencies = (
			);
			name = TestVIPER;
			productName = TestVIPER;
			productReference = CD5372482386860600F3EFC7 /* TestVIPER.app */;
			productType = "com.apple.product-type.application";
		};
/* End PBXNativeTarget section */

/* Begin PBXProject section */
		CD5372402386860500F3EFC7 /* Project object */ = {
			isa = PBXProject;
			attributes = {
				LastSwiftUpdateCheck = 1110;
				LastUpgradeCheck = 1110;
				ORGANIZATIONNAME = "Роман Лабунский";
				TargetAttributes = {
					CD5372472386860600F3EFC7 = {
						CreatedOnToolsVersion = 11.1;
					};
				};
			};
			buildConfigurationList = CD5372432386860500F3EFC7 /* Build configuration list for PBXProject "TestVIPER" */;
			compatibilityVersion = "Xcode 9.3";
			developmentRegion = en;
			hasScannedForEncodings = 0;
			knownRegions = (
				en,
				Base,
			);
			mainGroup = CD53723F2386860500F3EFC7;
			productRefGroup = CD5372492386860600F3EFC7 /* Products */;
			projectDirPath = "";
			projectRoot = "";
			targets = (
				CD5372472386860600F3EFC7 /* TestVIPER */,
			);
		};
/* End PBXProject section */

/* Begin PBXResourcesBuildPhase section */
		CD5372462386860600F3EFC7 /* Resources */ = {
			isa = PBXResourcesBuildPhase;
			buildActionMask = 2147483647;
			files = (
				CD5372582386861100F3EFC7 /* LaunchScreen.storyboard in Resources */,
				CD5372552386861100F3EFC7 /* Assets.xcassets in Resources */,
				CD5372532386860600F3EFC7 /* Main.storyboard in Resources */,
			);
			runOnlyForDeploymentPostprocessing = 0;
		};
/* End PBXResourcesBuildPhase section */

/* Begin PBXSourcesBuildPhase section */
		CD5372442386860600F3EFC7 /* Sources */ = {
			isa = PBXSourcesBuildPhase;
			buildActionMask = 2147483647;
			files = (
				CD53726A23868D6A00F3EFC7 /* HomeModuleBuilder.swift in Sources */,
				CD5372502386860600F3EFC7 /* HomeViewController.swift in Sources */,
				CD53724C2386860600F3EFC7 /* AppDelegate.swift in Sources */,
				CD53726723868C5D00F3EFC7 /* HomaModel.swift in Sources */,
				CD53724E2386860600F3EFC7 /* SceneDelegate.swift in Sources */,
				CD53726523868BB700F3EFC7 /* HomeInteractor.swift in Sources */,
				CD53726123868A3100F3EFC7 /* HomePresenter.swift in Sources */,
				CD53726323868B2600F3EFC7 /* HomeRouter.swift in Sources */,
			);
			runOnlyForDeploymentPostprocessing = 0;
		};
/* End PBXSourcesBuildPhase section */

/* Begin PBXVariantGroup section */
		CD5372512386860600F3EFC7 /* Main.storyboard */ = {
			isa = PBXVariantGroup;
			children = (
				CD5372522386860600F3EFC7 /* Base */,
			);
			name = Main.storyboard;
			sourceTree = "<group>";
		};
		CD5372562386861100F3EFC7 /* LaunchScreen.storyboard */ = {
			isa = PBXVariantGroup;
			children = (
				CD5372572386861100F3EFC7 /* Base */,
			);
			name = LaunchScreen.storyboard;
			sourceTree = "<group>";
		};
/* End PBXVariantGroup section */

/* Begin XCBuildConfiguration section */
		CD53725A2386861100F3EFC7 /* Debug */ = {
			isa = XCBuildConfiguration;
			buildSettings = {
				ALWAYS_SEARCH_USER_PATHS = NO;
				CLANG_ANALYZER_NONNULL = YES;
				CLANG_ANALYZER_NUMBER_OBJECT_CONVERSION = YES_AGGRESSIVE;
				CLANG_CXX_LANGUAGE_STANDARD = "gnu++14";
				CLANG_CXX_LIBRARY = "libc++";
				CLANG_ENABLE_MODULES = YES;
				CLANG_ENABLE_OBJC_ARC = YES;
				CLANG_ENABLE_OBJC_WEAK = YES;
				CLANG_WARN_BLOCK_CAPTURE_AUTORELEASING = YES;
				CLANG_WARN_BOOL_CONVERSION = YES;
				CLANG_WARN_COMMA = YES;
				CLANG_WARN_CONSTANT_CONVERSION = YES;
				CLANG_WARN_DEPRECATED_OBJC_IMPLEMENTATIONS = YES;
				CLANG_WARN_DIRECT_OBJC_ISA_USAGE = YES_ERROR;
				CLANG_WARN_DOCUMENTATION_COMMENTS = YES;
				CLANG_WARN_EMPTY_BODY = YES;
				CLANG_WARN_ENUM_CONVERSION = YES;
				CLANG_WARN_INFINITE_RECURSION = YES;
				CLANG_WARN_INT_CONVERSION = YES;
				CLANG_WARN_NON_LITERAL_NULL_CONVERSION = YES;
				CLANG_WARN_OBJC_IMPLICIT_RETAIN_SELF = YES;
				CLANG_WARN_OBJC_LITERAL_CONVERSION = YES;
				CLANG_WARN_OBJC_ROOT_CLASS = YES_ERROR;
				CLANG_WARN_RANGE_LOOP_ANALYSIS = YES;
				CLANG_WARN_STRICT_PROTOTYPES = YES;
				CLANG_WARN_SUSPICIOUS_MOVE = YES;
				CLANG_WARN_UNGUARDED_AVAILABILITY = YES_AGGRESSIVE;
				CLANG_WARN_UNREACHABLE_CODE = YES;
				CLANG_WARN__DUPLICATE_METHOD_MATCH = YES;
				COPY_PHASE_STRIP = NO;
				DEBUG_INFORMATION_FORMAT = dwarf;
				ENABLE_STRICT_OBJC_MSGSEND = YES;
				ENABLE_TESTABILITY = YES;
				GCC_C_LANGUAGE_STANDARD = gnu11;
				GCC_DYNAMIC_NO_PIC = NO;
				GCC_NO_COMMON_BLOCKS = YES;
				GCC_OPTIMIZATION_LEVEL = 0;
				GCC_PREPROCESSOR_DEFINITIONS = (
					"DEBUG=1",
					"$(inherited)",
				);
				GCC_WARN_64_TO_32_BIT_CONVERSION = YES;
				GCC_WARN_ABOUT_RETURN_TYPE = YES_ERROR;
				GCC_WARN_UNDECLARED_SELECTOR = YES;
				GCC_WARN_UNINITIALIZED_AUTOS = YES_AGGRESSIVE;
				GCC_WARN_UNUSED_FUNCTION = YES;
				GCC_WARN_UNUSED_VARIABLE = YES;
				IPHONEOS_DEPLOYMENT_TARGET = 13.1;
				MTL_ENABLE_DEBUG_INFO = INCLUDE_SOURCE;
				MTL_FAST_MATH = YES;
				ONLY_ACTIVE_ARCH = YES;
				SDKROOT = iphoneos;
				SWIFT_ACTIVE_COMPILATION_CONDITIONS = DEBUG;
				SWIFT_OPTIMIZATION_LEVEL = "-Onone";
			};
			name = Debug;
		};
		CD53725B2386861100F3EFC7 /* Release */ = {
			isa = XCBuildConfiguration;
			buildSettings = {
				ALWAYS_SEARCH_USER_PATHS = NO;
				CLANG_ANALYZER_NONNULL = YES;
				CLANG_ANALYZER_NUMBER_OBJECT_CONVERSION = YES_AGGRESSIVE;
				CLANG_CXX_LANGUAGE_STANDARD = "gnu++14";
				CLANG_CXX_LIBRARY = "libc++";
				CLANG_ENABLE_MODULES = YES;
				CLANG_ENABLE_OBJC_ARC = YES;
				CLANG_ENABLE_OBJC_WEAK = YES;
				CLANG_WARN_BLOCK_CAPTURE_AUTORELEASING = YES;
				CLANG_WARN_BOOL_CONVERSION = YES;
				CLANG_WARN_COMMA = YES;
				CLANG_WARN_CONSTANT_CONVERSION = YES;
				CLANG_WARN_DEPRECATED_OBJC_IMPLEMENTATIONS = YES;
				CLANG_WARN_DIRECT_OBJC_ISA_USAGE = YES_ERROR;
				CLANG_WARN_DOCUMENTATION_COMMENTS = YES;
				CLANG_WARN_EMPTY_BODY = YES;
				CLANG_WARN_ENUM_CONVERSION = YES;
				CLANG_WARN_INFINITE_RECURSION = YES;
				CLANG_WARN_INT_CONVERSION = YES;
				CLANG_WARN_NON_LITERAL_NULL_CONVERSION = YES;
				CLANG_WARN_OBJC_IMPLICIT_RETAIN_SELF = YES;
				CLANG_WARN_OBJC_LITERAL_CONVERSION = YES;
				CLANG_WARN_OBJC_ROOT_CLASS = YES_ERROR;
				CLANG_WARN_RANGE_LOOP_ANALYSIS = YES;
				CLANG_WARN_STRICT_PROTOTYPES = YES;
				CLANG_WARN_SUSPICIOUS_MOVE = YES;
				CLANG_WARN_UNGUARDED_AVAILABILITY = YES_AGGRESSIVE;
				CLANG_WARN_UNREACHABLE_CODE = YES;
				CLANG_WARN__DUPLICATE_METHOD_MATCH = YES;
				COPY_PHASE_STRIP = NO;
				DEBUG_INFORMATION_FORMAT = "dwarf-with-dsym";
				ENABLE_NS_ASSERTIONS = NO;
				ENABLE_STRICT_OBJC_MSGSEND = YES;
				GCC_C_LANGUAGE_STANDARD = gnu11;
				GCC_NO_COMMON_BLOCKS = YES;
				GCC_WARN_64_TO_32_BIT_CONVERSION = YES;
				GCC_WARN_ABOUT_RETURN_TYPE = YES_ERROR;
				GCC_WARN_UNDECLARED_SELECTOR = YES;
				GCC_WARN_UNINITIALIZED_AUTOS = YES_AGGRESSIVE;
				GCC_WARN_UNUSED_FUNCTION = YES;
				GCC_WARN_UNUSED_VARIABLE = YES;
				IPHONEOS_DEPLOYMENT_TARGET = 13.1;
				MTL_ENABLE_DEBUG_INFO = NO;
				MTL_FAST_MATH = YES;
				SDKROOT = iphoneos;
				SWIFT_COMPILATION_MODE = wholemodule;
				SWIFT_OPTIMIZATION_LEVEL = "-O";
				VALIDATE_PRODUCT = YES;
			};
			name = Release;
		};
		CD53725D2386861100F3EFC7 /* Debug */ = {
			isa = XCBuildConfiguration;
			buildSettings = {
				ASSETCATALOG_COMPILER_APPICON_NAME = AppIcon;
				CODE_SIGN_STYLE = Automatic;
				DEVELOPMENT_TEAM = 777577VLG8;
				INFOPLIST_FILE = TestVIPER/Info.plist;
				LD_RUNPATH_SEARCH_PATHS = (
					"$(inherited)",
					"@executable_path/Frameworks",
				);
				PRODUCT_BUNDLE_IDENTIFIER = "roman-lab.TestVIPER";
				PRODUCT_NAME = "$(TARGET_NAME)";
				SWIFT_VERSION = 5.0;
				TARGETED_DEVICE_FAMILY = "1,2";
			};
			name = Debug;
		};
		CD53725E2386861100F3EFC7 /* Release */ = {
			isa = XCBuildConfiguration;
			buildSettings = {
				ASSETCATALOG_COMPILER_APPICON_NAME = AppIcon;
				CODE_SIGN_STYLE = Automatic;
				DEVELOPMENT_TEAM = 777577VLG8;
				INFOPLIST_FILE = TestVIPER/Info.plist;
				LD_RUNPATH_SEARCH_PATHS = (
					"$(inherited)",
					"@executable_path/Frameworks",
				);
				PRODUCT_BUNDLE_IDENTIFIER = "roman-lab.TestVIPER";
				PRODUCT_NAME = "$(TARGET_NAME)";
				SWIFT_VERSION = 5.0;
				TARGETED_DEVICE_FAMILY = "1,2";
			};
			name = Release;
		};
/* End XCBuildConfiguration section */

/* Begin XCConfigurationList section */
		CD5372432386860500F3EFC7 /* Build configuration list for PBXProject "TestVIPER" */ = {
			isa = XCConfigurationList;
			buildConfigurations = (
				CD53725A2386861100F3EFC7 /* Debug */,
				CD53725B2386861100F3EFC7 /* Release */,
			);
			defaultConfigurationIsVisible = 0;
			defaultConfigurationName = Release;
		};
		CD53725C2386861100F3EFC7 /* Build configuration list for PBXNativeTarget "TestVIPER" */ = {
			isa = XCConfigurationList;
			buildConfigurations = (
				CD53725D2386861100F3EFC7 /* Debug */,
				CD53725E2386861100F3EFC7 /* Release */,
			);
			defaultConfigurationIsVisible = 0;
			defaultConfigurationName = Release;
		};
/* End XCConfigurationList section */
	};
	rootObject = CD5372402386860500F3EFC7 /* Project object */;
}
